{
  "name": "client",
  "version": "0.1.0",
  "lockfileVersion": 1,
  "requires": true,
  "dependencies": {
    "jquery": {
      "version": "3.2.1",
      "resolved": "https://registry.npmjs.org/jquery/-/jquery-3.2.1.tgz",
      "integrity": "sha1-XE2d5lKvbNCncBVKYxu6ErAVx4c="
    },
    "jquery-ui": {
      "version": "1.13.0",
      "resolved": "https://registry.npmjs.org/jquery-ui/-/jquery-ui-1.13.0.tgz",
      "integrity": "sha512-Osf7ECXNTYHtKBkn9xzbIf9kifNrBhfywFEKxOeB/OVctVmLlouV9mfc2qXCp6uyO4Pn72PXKOnj09qXetopCw==",
      "requires": {
        "jquery": ">=1.8.0 <4.0.0"
      }
    },
    "react": {
      "version": "15.6.2",
      "resolved": "https://registry.npmjs.org/react/-/react-15.6.2.tgz",
      "integrity": "sha1-26BDSrQ5z+gvEI8PURZjkIF5qnI="
    },
    "react-dom": {
      "version": "15.6.2",
      "resolved": "https://registry.npmjs.org/react-dom/-/react-dom-15.6.2.tgz",
      "integrity": "sha1-Qc+t9pO3V/rycIRDodH9WgK+9zA="
    },
    "react-scripts": {
      "version": "1.0.3",
      "resolved": "https://registry.npmjs.org/react-scripts/-/react-scripts-1.0.3.tgz",
      "integrity": "sha1-D+BN1Ds1lJXVaL5uk0K1wMrYdjw=",
      "dev": true,
      "dependencies": {
        "promise": {
          "version": "7.1.1",
          "resolved": "https://registry.npmjs.org/promise/-/promise-7.1.1.tgz",
          "integrity": "sha1-SJZUxpJha4qlWwck+oCbt9tJxb8="
        }
      }
    }
  }
}
